
Microsoft Visual Studio Solution File, Format Version 11.00
# Visual Studio 2010
Project("{8BC9CEB8-8B4A-11D0-8D11-00A0C91BC942}") = "AIE Basic Framework1", "AIE Basic Framework1.vcxproj", "{8EDEAAF3-EC77-42FE-8DB7-4DE165F821AD}"
EndProject
Global
	GlobalSection(SolutionConfigurationPlatforms) = preSolution
		Debug|Win32 = Debug|Win32
		Release|Win32 = Release|Win32
	EndGlobalSection
	GlobalSection(ProjectConfigurationPlatforms) = postSolution
		{8EDEAAF3-EC77-42FE-8DB7-4DE165F821AD}.Debug|Win32.ActiveCfg = Debug|Win32
		{8EDEAAF3-EC77-42FE-8DB7-4DE165F821AD}.Debug|Win32.Build.0 = Debug|Win32
		{8EDEAAF3-EC77-42FE-8DB7-4DE165F821AD}.Release|Win32.ActiveCfg = Release|Win32
		{8EDEAAF3-EC77-42FE-8DB7-4DE165F821AD}.Release|Win32.Build.0 = Release|Win32
	EndGlobalSection
	GlobalSection(SolutionProperties) = preSolution
		HideSolutionNode = FALSE
	EndGlobalSection
EndGlobal
